
Microsoft Visual Studio Solution File, Format Version 12.00
# Visual Studio Version 17
VisualStudioVersion = 17.14.36105.17 d17.14
MinimumVisualStudioVersion = 10.0.40219.1
Project("{FAE04EC0-301F-11D3-BF4B-00C04F79EFBC}") = "MvcMovie", "MvcMovie\MvcMovie.csproj", "{840140C3-B302-4ED2-91FA-415BF8FFAD9C}"
EndProject
Global
	GlobalSection(SolutionConfigurationPlatforms) = preSolution
		Debug|Any CPU = Debug|Any CPU
		Release|Any CPU = Release|Any CPU
	EndGlobalSection
	GlobalSection(ProjectConfigurationPlatforms) = postSolution
		{840140C3-B302-4ED2-91FA-415BF8FFAD9C}.Debug|Any CPU.ActiveCfg = Debug|Any CPU
		{840140C3-B302-4ED2-91FA-415BF8FFAD9C}.Debug|Any CPU.Build.0 = Debug|Any CPU
		{840140C3-B302-4ED2-91FA-415BF8FFAD9C}.Release|Any CPU.ActiveCfg = Release|Any CPU
		{840140C3-B302-4ED2-91FA-415BF8FFAD9C}.Release|Any CPU.Build.0 = Release|Any CPU
	EndGlobalSection
	GlobalSection(SolutionProperties) = preSolution
		HideSolutionNode = FALSE
	EndGlobalSection
	GlobalSection(ExtensibilityGlobals) = postSolution
		SolutionGuid = {7C443C6E-467A-4264-BB8E-96B750D0F335}
	EndGlobalSection
EndGlobal
